// !$*UTF8*$!
{
	archiveVersion = 1;
	classes = {
	};
	objectVersion = 46;
	objects = {

/* Begin PBXBuildFile section */
		ABA1F72A24AABA6000827045 /* AlertClass.swift in Sources */ = {isa = PBXBuildFile; fileRef = ABA1F72924AABA6000827045 /* AlertClass.swift */; };
		BD1A93341F27CFD000B39D59 /* UvaTableTableViewController.swift in Sources */ = {isa = PBXBuildFile; fileRef = BD1A93331F27CFD000B39D59 /* UvaTableTableViewController.swift */; };
		BD1A93361F27FBEB00B39D59 /* VinhoTableViewController.swift in Sources */ = {isa = PBXBuildFile; fileRef = BD1A93351F27FBEB00B39D59 /* VinhoTableViewController.swift */; };
		BD1A933B1F28DF2200B39D59 /* Vinho+CoreDataClass.swift in Sources */ = {isa = PBXBuildFile; fileRef = BD1A93371F28DF2200B39D59 /* Vinho+CoreDataClass.swift */; };
		BD1A933C1F28DF2200B39D59 /* Vinho+CoreDataProperties.swift in Sources */ = {isa = PBXBuildFile; fileRef = BD1A93381F28DF2200B39D59 /* Vinho+CoreDataProperties.swift */; };
		BD1A933D1F28DF2200B39D59 /* Uva+CoreDataClass.swift in Sources */ = {isa = PBXBuildFile; fileRef = BD1A93391F28DF2200B39D59 /* Uva+CoreDataClass.swift */; };
		BD1A933E1F28DF2200B39D59 /* Uva+CoreDataProperties.swift in Sources */ = {isa = PBXBuildFile; fileRef = BD1A933A1F28DF2200B39D59 /* Uva+CoreDataProperties.swift */; };
		BD726CEA1F0D788E004E0DF9 /* AppDelegate.swift in Sources */ = {isa = PBXBuildFile; fileRef = BD726CE91F0D788E004E0DF9 /* AppDelegate.swift */; };
		BD726CEC1F0D788E004E0DF9 /* ViewController.swift in Sources */ = {isa = PBXBuildFile; fileRef = BD726CEB1F0D788E004E0DF9 /* ViewController.swift */; };
		BD726CEF1F0D788E004E0DF9 /* Main.storyboard in Resources */ = {isa = PBXBuildFile; fileRef = BD726CED1F0D788E004E0DF9 /* Main.storyboard */; };
		BD726CF21F0D788E004E0DF9 /* DemoArtigo.xcdatamodeld in Sources */ = {isa = PBXBuildFile; fileRef = BD726CF01F0D788E004E0DF9 /* DemoArtigo.xcdatamodeld */; };
		BD726CF41F0D788E004E0DF9 /* Assets.xcassets in Resources */ = {isa = PBXBuildFile; fileRef = BD726CF31F0D788E004E0DF9 /* Assets.xcassets */; };
		BD726CF71F0D788E004E0DF9 /* LaunchScreen.storyboard in Resources */ = {isa = PBXBuildFile; fileRef = BD726CF51F0D788E004E0DF9 /* LaunchScreen.storyboard */; };
		BD726D021F0D788F004E0DF9 /* DemoArtigoTests.swift in Sources */ = {isa = PBXBuildFile; fileRef = BD726D011F0D788F004E0DF9 /* DemoArtigoTests.swift */; };
		BD726D0D1F0D788F004E0DF9 /* DemoArtigoUITests.swift in Sources */ = {isa = PBXBuildFile; fileRef = BD726D0C1F0D788F004E0DF9 /* DemoArtigoUITests.swift */; };
		BD726D1B1F0D8805004E0DF9 /* DatabaseController.swift in Sources */ = {isa = PBXBuildFile; fileRef = BD726D1A1F0D8805004E0DF9 /* DatabaseController.swift */; };
/* End PBXBuildFile section */

/* Begin PBXContainerItemProxy section */
		BD726CFE1F0D788E004E0DF9 /* PBXContainerItemProxy */ = {
			isa = PBXContainerItemProxy;
			containerPortal = BD726CDE1F0D788E004E0DF9 /* Project object */;
			proxyType = 1;
			remoteGlobalIDString = BD726CE51F0D788E004E0DF9;
			remoteInfo = DemoArtigo;
		};
		BD726D091F0D788F004E0DF9 /* PBXContainerItemProxy */ = {
			isa = PBXContainerItemProxy;
			containerPortal = BD726CDE1F0D788E004E0DF9 /* Project object */;
			proxyType = 1;
			remoteGlobalIDString = BD726CE51F0D788E004E0DF9;
			remoteInfo = DemoArtigo;
		};
/* End PBXContainerItemProxy section */

/* Begin PBXFileReference section */
		ABA1F72924AABA6000827045 /* AlertClass.swift */ = {isa = PBXFileReference; lastKnownFileType = sourcecode.swift; path = AlertClass.swift; sourceTree = "<group>"; };
		BD1A93331F27CFD000B39D59 /* UvaTableTableViewController.swift */ = {isa = PBXFileReference; fileEncoding = 4; lastKnownFileType = sourcecode.swift; path = UvaTableTableViewController.swift; sourceTree = "<group>"; };
		BD1A93351F27FBEB00B39D59 /* VinhoTableViewController.swift */ = {isa = PBXFileReference; fileEncoding = 4; lastKnownFileType = sourcecode.swift; path = VinhoTableViewController.swift; sourceTree = "<group>"; };
		BD1A93371F28DF2200B39D59 /* Vinho+CoreDataClass.swift */ = {isa = PBXFileReference; fileEncoding = 4; lastKnownFileType = sourcecode.swift; path = "Vinho+CoreDataClass.swift"; sourceTree = "<group>"; };
		BD1A93381F28DF2200B39D59 /* Vinho+CoreDataProperties.swift */ = {isa = PBXFileReference; fileEncoding = 4; lastKnownFileType = sourcecode.swift; path = "Vinho+CoreDataProperties.swift"; sourceTree = "<group>"; };
		BD1A93391F28DF2200B39D59 /* Uva+CoreDataClass.swift */ = {isa = PBXFileReference; fileEncoding = 4; lastKnownFileType = sourcecode.swift; path = "Uva+CoreDataClass.swift"; sourceTree = "<group>"; };
		BD1A933A1F28DF2200B39D59 /* Uva+CoreDataProperties.swift */ = {isa = PBXFileReference; fileEncoding = 4; lastKnownFileType = sourcecode.swift; path = "Uva+CoreDataProperties.swift"; sourceTree = "<group>"; };
		BD726CE61F0D788E004E0DF9 /* DemoArtigo.app */ = {isa = PBXFileReference; explicitFileType = wrapper.application; includeInIndex = 0; path = DemoArtigo.app; sourceTree = BUILT_PRODUCTS_DIR; };
		BD726CE91F0D788E004E0DF9 /* AppDelegate.swift */ = {isa = PBXFileReference; lastKnownFileType = sourcecode.swift; path = AppDelegate.swift; sourceTree = "<group>"; };
		BD726CEB1F0D788E004E0DF9 /* ViewController.swift */ = {isa = PBXFileReference; lastKnownFileType = sourcecode.swift; path = ViewController.swift; sourceTree = "<group>"; };
		BD726CEE1F0D788E004E0DF9 /* Base */ = {isa = PBXFileReference; lastKnownFileType = file.storyboard; name = Base; path = Base.lproj/Main.storyboard; sourceTree = "<group>"; };
		BD726CF11F0D788E004E0DF9 /* DemoArtigo.xcdatamodel */ = {isa = PBXFileReference; lastKnownFileType = wrapper.xcdatamodel; path = DemoArtigo.xcdatamodel; sourceTree = "<group>"; };
		BD726CF31F0D788E004E0DF9 /* Assets.xcassets */ = {isa = PBXFileReference; lastKnownFileType = folder.assetcatalog; path = Assets.xcassets; sourceTree = "<group>"; };
		BD726CF61F0D788E004E0DF9 /* Base */ = {isa = PBXFileReference; lastKnownFileType = file.storyboard; name = Base; path = Base.lproj/LaunchScreen.storyboard; sourceTree = "<group>"; };
		BD726CF81F0D788E004E0DF9 /* Info.plist */ = {isa = PBXFileReference; lastKnownFileType = text.plist.xml; path = Info.plist; sourceTree = "<group>"; };
		BD726CFD1F0D788E004E0DF9 /* DemoArtigoTests.xctest */ = {isa = PBXFileReference; explicitFileType = wrapper.cfbundle; includeInIndex = 0; path = DemoArtigoTests.xctest; sourceTree = BUILT_PRODUCTS_DIR; };
		BD726D011F0D788F004E0DF9 /* DemoArtigoTests.swift */ = {isa = PBXFileReference; lastKnownFileType = sourcecode.swift; path = DemoArtigoTests.swift; sourceTree = "<group>"; };
		BD726D031F0D788F004E0DF9 /* Info.plist */ = {isa = PBXFileReference; lastKnownFileType = text.plist.xml; path = Info.plist; sourceTree = "<group>"; };
		BD726D081F0D788F004E0DF9 /* DemoArtigoUITests.xctest */ = {isa = PBXFileReference; explicitFileType = wrapper.cfbundle; includeInIndex = 0; path = DemoArtigoUITests.xctest; sourceTree = BUILT_PRODUCTS_DIR; };
		BD726D0C1F0D788F004E0DF9 /* DemoArtigoUITests.swift */ = {isa = PBXFileReference; lastKnownFileType = sourcecode.swift; path = DemoArtigoUITests.swift; sourceTree = "<group>"; };
		BD726D0E1F0D788F004E0DF9 /* Info.plist */ = {isa = PBXFileReference; lastKnownFileType = text.plist.xml; path = Info.plist; sourceTree = "<group>"; };
		BD726D1A1F0D8805004E0DF9 /* DatabaseController.swift */ = {isa = PBXFileReference; fileEncoding = 4; lastKnownFileType = sourcecode.swift; path = DatabaseController.swift; sourceTree = "<group>"; };
/* End PBXFileReference section */

/* Begin PBXFrameworksBuildPhase section */
		BD726CE31F0D788E004E0DF9 /* Frameworks */ = {
			isa = PBXFrameworksBuildPhase;
			buildActionMask = 2147483647;
			files = (
			);
			runOnlyForDeploymentPostprocessing = 0;
		};
		BD726CFA1F0D788E004E0DF9 /* Frameworks */ = {
			isa = PBXFrameworksBuildPhase;
			buildActionMask = 2147483647;
			files = (
			);
			runOnlyForDeploymentPostprocessing = 0;
		};
		BD726D051F0D788F004E0DF9 /* Frameworks */ = {
			isa = PBXFrameworksBuildPhase;
			buildActionMask = 2147483647;
			files = (
			);
			runOnlyForDeploymentPostprocessing = 0;
		};
/* End PBXFrameworksBuildPhase section */

/* Begin PBXGroup section */
		BD726CDD1F0D788E004E0DF9 = {
			isa = PBXGroup;
			children = (
				BD726CE81F0D788E004E0DF9 /* DemoArtigo */,
				BD726D001F0D788E004E0DF9 /* DemoArtigoTests */,
				BD726D0B1F0D788F004E0DF9 /* DemoArtigoUITests */,
				BD726CE71F0D788E004E0DF9 /* Products */,
			);
			sourceTree = "<group>";
		};
		BD726CE71F0D788E004E0DF9 /* Products */ = {
			isa = PBXGroup;
			children = (
				BD726CE61F0D788E004E0DF9 /* DemoArtigo.app */,
				BD726CFD1F0D788E004E0DF9 /* DemoArtigoTests.xctest */,
				BD726D081F0D788F004E0DF9 /* DemoArtigoUITests.xctest */,
			);
			name = Products;
			sourceTree = "<group>";
		};
		BD726CE81F0D788E004E0DF9 /* DemoArtigo */ = {
			isa = PBXGroup;
			children = (
				BD1A93371F28DF2200B39D59 /* Vinho+CoreDataClass.swift */,
				BD1A93381F28DF2200B39D59 /* Vinho+CoreDataProperties.swift */,
				BD1A93391F28DF2200B39D59 /* Uva+CoreDataClass.swift */,
				BD1A933A1F28DF2200B39D59 /* Uva+CoreDataProperties.swift */,
				BD726CE91F0D788E004E0DF9 /* AppDelegate.swift */,
				BD726CEB1F0D788E004E0DF9 /* ViewController.swift */,
				BD726D1A1F0D8805004E0DF9 /* DatabaseController.swift */,
				BD726CED1F0D788E004E0DF9 /* Main.storyboard */,
				BD1A93351F27FBEB00B39D59 /* VinhoTableViewController.swift */,
				BD1A93331F27CFD000B39D59 /* UvaTableTableViewController.swift */,
				BD726CF31F0D788E004E0DF9 /* Assets.xcassets */,
				BD726CF51F0D788E004E0DF9 /* LaunchScreen.storyboard */,
				BD726CF81F0D788E004E0DF9 /* Info.plist */,
				BD726CF01F0D788E004E0DF9 /* DemoArtigo.xcdatamodeld */,
				ABA1F72924AABA6000827045 /* AlertClass.swift */,
			);
			path = DemoArtigo;
			sourceTree = "<group>";
		};
		BD726D001F0D788E004E0DF9 /* DemoArtigoTests */ = {
			isa = PBXGroup;
			children = (
				BD726D011F0D788F004E0DF9 /* DemoArtigoTests.swift */,
				BD726D031F0D788F004E0DF9 /* Info.plist */,
			);
			path = DemoArtigoTests;
			sourceTree = "<group>";
		};
		BD726D0B1F0D788F004E0DF9 /* DemoArtigoUITests */ = {
			isa = PBXGroup;
			children = (
				BD726D0C1F0D788F004E0DF9 /* DemoArtigoUITests.swift */,
				BD726D0E1F0D788F004E0DF9 /* Info.plist */,
			);
			path = DemoArtigoUITests;
			sourceTree = "<group>";
		};
/* End PBXGroup section */

/* Begin PBXNativeTarget section */
		BD726CE51F0D788E004E0DF9 /* DemoArtigo */ = {
			isa = PBXNativeTarget;
			buildConfigurationList = BD726D111F0D788F004E0DF9 /* Build configuration list for PBXNativeTarget "DemoArtigo" */;
			buildPhases = (
				BD726CE21F0D788E004E0DF9 /* Sources */,
				BD726CE31F0D788E004E0DF9 /* Frameworks */,
				BD726CE41F0D788E004E0DF9 /* Resources */,
			);
			buildRules = (
			);
			dependencies = (
			);
			name = DemoArtigo;
			productName = DemoArtigo;
			productReference = BD726CE61F0D788E004E0DF9 /* DemoArtigo.app */;
			productType = "com.apple.product-type.application";
		};
		BD726CFC1F0D788E004E0DF9 /* DemoArtigoTests */ = {
			isa = PBXNativeTarget;
			buildConfigurationList = BD726D141F0D788F004E0DF9 /* Build configuration list for PBXNativeTarget "DemoArtigoTests" */;
			buildPhases = (
				BD726CF91F0D788E004E0DF9 /* Sources */,
				BD726CFA1F0D788E004E0DF9 /* Frameworks */,
				BD726CFB1F0D788E004E0DF9 /* Resources */,
			);
			buildRules = (
			);
			dependencies = (
				BD726CFF1F0D788E004E0DF9 /* PBXTargetDependency */,
			);
			name = DemoArtigoTests;
			productName = DemoArtigoTests;
			productReference = BD726CFD1F0D788E004E0DF9 /* DemoArtigoTests.xctest */;
			productType = "com.apple.product-type.bundle.unit-test";
		};
		BD726D071F0D788F004E0DF9 /* DemoArtigoUITests */ = {
			isa = PBXNativeTarget;
			buildConfigurationList = BD726D171F0D788F004E0DF9 /* Build configuration list for PBXNativeTarget "DemoArtigoUITests" */;
			buildPhases = (
				BD726D041F0D788F004E0DF9 /* Sources */,
				BD726D051F0D788F004E0DF9 /* Frameworks */,
				BD726D061F0D788F004E0DF9 /* Resources */,
			);
			buildRules = (
			);
			dependencies = (
				BD726D0A1F0D788F004E0DF9 /* PBXTargetDependency */,
			);
			name = DemoArtigoUITests;
			productName = DemoArtigoUITests;
			productReference = BD726D081F0D788F004E0DF9 /* DemoArtigoUITests.xctest */;
			productType = "com.apple.product-type.bundle.ui-testing";
		};
/* End PBXNativeTarget section */

/* Begin PBXProject section */
		BD726CDE1F0D788E004E0DF9 /* Project object */ = {
			isa = PBXProject;
			attributes = {
				LastSwiftUpdateCheck = 0830;
				LastUpgradeCheck = 1150;
				ORGANIZATIONNAME = "Guilherme Paciulli";
				TargetAttributes = {
					BD726CE51F0D788E004E0DF9 = {
						CreatedOnToolsVersion = 8.3.3;
						DevelopmentTeam = TB7TQA23RQ;
						ProvisioningStyle = Automatic;
					};
					BD726CFC1F0D788E004E0DF9 = {
						CreatedOnToolsVersion = 8.3.3;
						DevelopmentTeam = 9EG37YSMEW;
						ProvisioningStyle = Automatic;
						TestTargetID = BD726CE51F0D788E004E0DF9;
					};
					BD726D071F0D788F004E0DF9 = {
						CreatedOnToolsVersion = 8.3.3;
						DevelopmentTeam = 9EG37YSMEW;
						ProvisioningStyle = Automatic;
						TestTargetID = BD726CE51F0D788E004E0DF9;
					};
				};
			};
			buildConfigurationList = BD726CE11F0D788E004E0DF9 /* Build configuration list for PBXProject "DemoArtigo" */;
			compatibilityVersion = "Xcode 3.2";
			developmentRegion = English;
			hasScannedForEncodings = 0;
			knownRegions = (
				English,
				en,
				Base,
			);
			mainGroup = BD726CDD1F0D788E004E0DF9;
			productRefGroup = BD726CE71F0D788E004E0DF9 /* Products */;
			projectDirPath = "";
			projectRoot = "";
			targets = (
				BD726CE51F0D788E004E0DF9 /* DemoArtigo */,
				BD726CFC1F0D788E004E0DF9 /* DemoArtigoTests */,
				BD726D071F0D788F004E0DF9 /* DemoArtigoUITests */,
			);
		};
/* End PBXProject section */

/* Begin PBXResourcesBuildPhase section */
		BD726CE41F0D788E004E0DF9 /* Resources */ = {
			isa = PBXResourcesBuildPhase;
			buildActionMask = 2147483647;
			files = (
				BD726CF71F0D788E004E0DF9 /* LaunchScreen.storyboard in Resources */,
				BD726CF41F0D788E004E0DF9 /* Assets.xcassets in Resources */,
				BD726CEF1F0D788E004E0DF9 /* Main.storyboard in Resources */,
			);
			runOnlyForDeploymentPostprocessing = 0;
		};
		BD726CFB1F0D788E004E0DF9 /* Resources */ = {
			isa = PBXResourcesBuildPhase;
			buildActionMask = 2147483647;
			files = (
			);
			runOnlyForDeploymentPostprocessing = 0;
		};
		BD726D061F0D788F004E0DF9 /* Resources */ = {
			isa = PBXResourcesBuildPhase;
			buildActionMask = 2147483647;
			files = (
			);
			runOnlyForDeploymentPostprocessing = 0;
		};
/* End PBXResourcesBuildPhase section */

/* Begin PBXSourcesBuildPhase section */
		BD726CE21F0D788E004E0DF9 /* Sources */ = {
			isa = PBXSourcesBuildPhase;
			buildActionMask = 2147483647;
			files = (
				BD1A933C1F28DF2200B39D59 /* Vinho+CoreDataProperties.swift in Sources */,
				BD726D1B1F0D8805004E0DF9 /* DatabaseController.swift in Sources */,
				BD1A93361F27FBEB00B39D59 /* VinhoTableViewController.swift in Sources */,
				BD1A933B1F28DF2200B39D59 /* Vinho+CoreDataClass.swift in Sources */,
				BD1A933D1F28DF2200B39D59 /* Uva+CoreDataClass.swift in Sources */,
				BD726CEC1F0D788E004E0DF9 /* ViewController.swift in Sources */,
				BD726CEA1F0D788E004E0DF9 /* AppDelegate.swift in Sources */,
				BD726CF21F0D788E004E0DF9 /* DemoArtigo.xcdatamodeld in Sources */,
				ABA1F72A24AABA6000827045 /* AlertClass.swift in Sources */,
				BD1A933E1F28DF2200B39D59 /* Uva+CoreDataProperties.swift in Sources */,
				BD1A93341F27CFD000B39D59 /* UvaTableTableViewController.swift in Sources */,
			);
			runOnlyForDeploymentPostprocessing = 0;
		};
		BD726CF91F0D788E004E0DF9 /* Sources */ = {
			isa = PBXSourcesBuildPhase;
			buildActionMask = 2147483647;
			files = (
				BD726D021F0D788F004E0DF9 /* DemoArtigoTests.swift in Sources */,
			);
			runOnlyForDeploymentPostprocessing = 0;
		};
		BD726D041F0D788F004E0DF9 /* Sources */ = {
			isa = PBXSourcesBuildPhase;
			buildActionMask = 2147483647;
			files = (
				BD726D0D1F0D788F004E0DF9 /* DemoArtigoUITests.swift in Sources */,
			);
			runOnlyForDeploymentPostprocessing = 0;
		};
/* End PBXSourcesBuildPhase section */

/* Begin PBXTargetDependency section */
		BD726CFF1F0D788E004E0DF9 /* PBXTargetDependency */ = {
			isa = PBXTargetDependency;
			target = BD726CE51F0D788E004E0DF9 /* DemoArtigo */;
			targetProxy = BD726CFE1F0D788E004E0DF9 /* PBXContainerItemProxy */;
		};
		BD726D0A1F0D788F004E0DF9 /* PBXTargetDependency */ = {
			isa = PBXTargetDependency;
			target = BD726CE51F0D788E004E0DF9 /* DemoArtigo */;
			targetProxy = BD726D091F0D788F004E0DF9 /* PBXContainerItemProxy */;
		};
/* End PBXTargetDependency section */

/* Begin PBXVariantGroup section */
		BD726CED1F0D788E004E0DF9 /* Main.storyboard */ = {
			isa = PBXVariantGroup;
			children = (
				BD726CEE1F0D788E004E0DF9 /* Base */,
			);
			name = Main.storyboard;
			sourceTree = "<group>";
		};
		BD726CF51F0D788E004E0DF9 /* LaunchScreen.storyboard */ = {
			isa = PBXVariantGroup;
			children = (
				BD726CF61F0D788E004E0DF9 /* Base */,
			);
			name = LaunchScreen.storyboard;
			sourceTree = "<group>";
		};
/* End PBXVariantGroup section */

/* Begin XCBuildConfiguration section */
		BD726D0F1F0D788F004E0DF9 /* Debug */ = {
			isa = XCBuildConfiguration;
			buildSettings = {
				ALWAYS_SEARCH_USER_PATHS = NO;
				CLANG_ANALYZER_LOCALIZABILITY_NONLOCALIZED = YES;
				CLANG_ANALYZER_NONNULL = YES;
				CLANG_ANALYZER_NUMBER_OBJECT_CONVERSION = YES_AGGRESSIVE;
				CLANG_CXX_LANGUAGE_STANDARD = "gnu++0x";
				CLANG_CXX_LIBRARY = "libc++";
				CLANG_ENABLE_MODULES = YES;
				CLANG_ENABLE_OBJC_ARC = YES;
				CLANG_WARN_BLOCK_CAPTURE_AUTORELEASING = YES;
				CLANG_WARN_BOOL_CONVERSION = YES;
				CLANG_WARN_COMMA = YES;
				CLANG_WARN_CONSTANT_CONVERSION = YES;
				CLANG_WARN_DEPRECATED_OBJC_IMPLEMENTATIONS = YES;
				CLANG_WARN_DIRECT_OBJC_ISA_USAGE = YES_ERROR;
				CLANG_WARN_DOCUMENTATION_COMMENTS = YES;
				CLANG_WARN_EMPTY_BODY = YES;
				CLANG_WARN_ENUM_CONVERSION = YES;
				CLANG_WARN_INFINITE_RECURSION = YES;
				CLANG_WARN_INT_CONVERSION = YES;
				CLANG_WARN_NON_LITERAL_NULL_CONVERSION = YES;
				CLANG_WARN_OBJC_IMPLICIT_RETAIN_SELF = YES;
				CLANG_WARN_OBJC_LITERAL_CONVERSION = YES;
				CLANG_WARN_OBJC_ROOT_CLASS = YES_ERROR;
				CLANG_WARN_RANGE_LOOP_ANALYSIS = YES;
				CLANG_WARN_STRICT_PROTOTYPES = YES;
				CLANG_WARN_SUSPICIOUS_MOVE = YES;
				CLANG_WARN_UNREACHABLE_CODE = YES;
				CLANG_WARN__DUPLICATE_METHOD_MATCH = YES;
				"CODE_SIGN_IDENTITY[sdk=iphoneos*]" = "iPhone Developer";
				COPY_PHASE_STRIP = NO;
				DEBUG_INFORMATION_FORMAT = dwarf;
				ENABLE_STRICT_OBJC_MSGSEND = YES;
				ENABLE_TESTABILITY = YES;
				GCC_C_LANGUAGE_STANDARD = gnu99;
				GCC_DYNAMIC_NO_PIC = NO;
				GCC_NO_COMMON_BLOCKS = YES;
				GCC_OPTIMIZATION_LEVEL = 0;
				GCC_PREPROCESSOR_DEFINITIONS = (
					"DEBUG=1",
					"$(inherited)",
				);
				GCC_WARN_64_TO_32_BIT_CONVERSION = YES;
				GCC_WARN_ABOUT_RETURN_TYPE = YES_ERROR;
				GCC_WARN_UNDECLARED_SELECTOR = YES;
				GCC_WARN_UNINITIALIZED_AUTOS = YES_AGGRESSIVE;
				GCC_WARN_UNUSED_FUNCTION = YES;
				GCC_WARN_UNUSED_VARIABLE = YES;
				IPHONEOS_DEPLOYMENT_TARGET = 13.0;
				MTL_ENABLE_DEBUG_INFO = YES;
				ONLY_ACTIVE_ARCH = YES;
				SDKROOT = iphoneos;
				SWIFT_ACTIVE_COMPILATION_CONDITIONS = DEBUG;
				SWIFT_OPTIMIZATION_LEVEL = "-Onone";
				SWIFT_VERSION = 5.0;
			};
			name = Debug;
		};
		BD726D101F0D788F004E0DF9 /* Release */ = {
			isa = XCBuildConfiguration;
			buildSettings = {
				ALWAYS_SEARCH_USER_PATHS = NO;
				CLANG_ANALYZER_LOCALIZABILITY_NONLOCALIZED = YES;
				CLANG_ANALYZER_NONNULL = YES;
				CLANG_ANALYZER_NUMBER_OBJECT_CONVERSION = YES_AGGRESSIVE;
				CLANG_CXX_LANGUAGE_STANDARD = "gnu++0x";
				CLANG_CXX_LIBRARY = "libc++";
				CLANG_ENABLE_MODULES = YES;
				CLANG_ENABLE_OBJC_ARC = YES;
				CLANG_WARN_BLOCK_CAPTURE_AUTORELEASING = YES;
				CLANG_WARN_BOOL_CONVERSION = YES;
				CLANG_WARN_COMMA = YES;
				CLANG_WARN_CONSTANT_CONVERSION = YES;
				CLANG_WARN_DEPRECATED_OBJC_IMPLEMENTATIONS = YES;
				CLANG_WARN_DIRECT_OBJC_ISA_USAGE = YES_ERROR;
				CLANG_WARN_DOCUMENTATION_COMMENTS = YES;
				CLANG_WARN_EMPTY_BODY = YES;
				CLANG_WARN_ENUM_CONVERSION = YES;
				CLANG_WARN_INFINITE_RECURSION = YES;
				CLANG_WARN_INT_CONVERSION = YES;
				CLANG_WARN_NON_LITERAL_NULL_CONVERSION = YES;
				CLANG_WARN_OBJC_IMPLICIT_RETAIN_SELF = YES;
				CLANG_WARN_OBJC_LITERAL_CONVERSION = YES;
				CLANG_WARN_OBJC_ROOT_CLASS = YES_ERROR;
				CLANG_WARN_RANGE_LOOP_ANALYSIS = YES;
				CLANG_WARN_STRICT_PROTOTYPES = YES;
				CLANG_WARN_SUSPICIOUS_MOVE = YES;
				CLANG_WARN_UNREACHABLE_CODE = YES;
				CLANG_WARN__DUPLICATE_METHOD_MATCH = YES;
				"CODE_SIGN_IDENTITY[sdk=iphoneos*]" = "iPhone Developer";
				COPY_PHASE_STRIP = NO;
				DEBUG_INFORMATION_FORMAT = "dwarf-with-dsym";
				ENABLE_NS_ASSERTIONS = NO;
				ENABLE_STRICT_OBJC_MSGSEND = YES;
				GCC_C_LANGUAGE_STANDARD = gnu99;
				GCC_NO_COMMON_BLOCKS = YES;
				GCC_WARN_64_TO_32_BIT_CONVERSION = YES;
				GCC_WARN_ABOUT_RETURN_TYPE = YES_ERROR;
				GCC_WARN_UNDECLARED_SELECTOR = YES;
				GCC_WARN_UNINITIALIZED_AUTOS = YES_AGGRESSIVE;
				GCC_WARN_UNUSED_FUNCTION = YES;
				GCC_WARN_UNUSED_VARIABLE = YES;
				IPHONEOS_DEPLOYMENT_TARGET = 13.0;
				MTL_ENABLE_DEBUG_INFO = NO;
				SDKROOT = iphoneos;
				SWIFT_OPTIMIZATION_LEVEL = "-Owholemodule";
				SWIFT_VERSION = 5.0;
				VALIDATE_PRODUCT = YES;
			};
			name = Release;
		};
		BD726D121F0D788F004E0DF9 /* Debug */ = {
			isa = XCBuildConfiguration;
			buildSettings = {
				ASSETCATALOG_COMPILER_APPICON_NAME = AppIcon;
				DEVELOPMENT_TEAM = TB7TQA23RQ;
				INFOPLIST_FILE = DemoArtigo/Info.plist;
				LD_RUNPATH_SEARCH_PATHS = "$(inherited) @executable_path/Frameworks";
				PRODUCT_BUNDLE_IDENTIFIER = br.gh.paciulli.DemoArtigo;
				PRODUCT_NAME = "$(TARGET_NAME)";
				SWIFT_VERSION = 5.0;
			};
			name = Debug;
		};
		BD726D131F0D788F004E0DF9 /* Release */ = {
			isa = XCBuildConfiguration;
			buildSettings = {
				ASSETCATALOG_COMPILER_APPICON_NAME = AppIcon;
				DEVELOPMENT_TEAM = TB7TQA23RQ;
				INFOPLIST_FILE = DemoArtigo/Info.plist;
				LD_RUNPATH_SEARCH_PATHS = "$(inherited) @executable_path/Frameworks";
				PRODUCT_BUNDLE_IDENTIFIER = br.gh.paciulli.DemoArtigo;
				PRODUCT_NAME = "$(TARGET_NAME)";
				SWIFT_VERSION = 5.0;
			};
			name = Release;
		};
		BD726D151F0D788F004E0DF9 /* Debug */ = {
			isa = XCBuildConfiguration;
			buildSettings = {
				ALWAYS_EMBED_SWIFT_STANDARD_LIBRARIES = YES;
				BUNDLE_LOADER = "$(TEST_HOST)";
				DEVELOPMENT_TEAM = 9EG37YSMEW;
				INFOPLIST_FILE = DemoArtigoTests/Info.plist;
				LD_RUNPATH_SEARCH_PATHS = "$(inherited) @executable_path/Frameworks @loader_path/Frameworks";
				PRODUCT_BUNDLE_IDENTIFIER = br.gh.paciulli.DemoArtigoTests;
				PRODUCT_NAME = "$(TARGET_NAME)";
				SWIFT_VERSION = 3.0;
				TEST_HOST = "$(BUILT_PRODUCTS_DIR)/DemoArtigo.app/DemoArtigo";
			};
			name = Debug;
		};
		BD726D161F0D788F004E0DF9 /* Release */ = {
			isa = XCBuildConfiguration;
			buildSettings = {
				ALWAYS_EMBED_SWIFT_STANDARD_LIBRARIES = YES;
				BUNDLE_LOADER = "$(TEST_HOST)";
				DEVELOPMENT_TEAM = 9EG37YSMEW;
				INFOPLIST_FILE = DemoArtigoTests/Info.plist;
				LD_RUNPATH_SEARCH_PATHS = "$(inherited) @executable_path/Frameworks @loader_path/Frameworks";
				PRODUCT_BUNDLE_IDENTIFIER = br.gh.paciulli.DemoArtigoTests;
				PRODUCT_NAME = "$(TARGET_NAME)";
				SWIFT_VERSION = 3.0;
				TEST_HOST = "$(BUILT_PRODUCTS_DIR)/DemoArtigo.app/DemoArtigo";
			};
			name = Release;
		};
		BD726D181F0D788F004E0DF9 /* Debug */ = {
			isa = XCBuildConfiguration;
			buildSettings = {
				ALWAYS_EMBED_SWIFT_STANDARD_LIBRARIES = YES;
				DEVELOPMENT_TEAM = 9EG37YSMEW;
				INFOPLIST_FILE = DemoArtigoUITests/Info.plist;
				LD_RUNPATH_SEARCH_PATHS = "$(inherited) @executable_path/Frameworks @loader_path/Frameworks";
				PRODUCT_BUNDLE_IDENTIFIER = br.gh.paciulli.DemoArtigoUITests;
				PRODUCT_NAME = "$(TARGET_NAME)";
				SWIFT_VERSION = 3.0;
				TEST_TARGET_NAME = DemoArtigo;
			};
			name = Debug;
		};
		BD726D191F0D788F004E0DF9 /* Release */ = {
			isa = XCBuildConfiguration;
			buildSettings = {
				ALWAYS_EMBED_SWIFT_STANDARD_LIBRARIES = YES;
				DEVELOPMENT_TEAM = 9EG37YSMEW;
				INFOPLIST_FILE = DemoArtigoUITests/Info.plist;
				LD_RUNPATH_SEARCH_PATHS = "$(inherited) @executable_path/Frameworks @loader_path/Frameworks";
				PRODUCT_BUNDLE_IDENTIFIER = br.gh.paciulli.DemoArtigoUITests;
				PRODUCT_NAME = "$(TARGET_NAME)";
				SWIFT_VERSION = 3.0;
				TEST_TARGET_NAME = DemoArtigo;
			};
			name = Release;
		};
/* End XCBuildConfiguration section */

/* Begin XCConfigurationList section */
		BD726CE11F0D788E004E0DF9 /* Build configuration list for PBXProject "DemoArtigo" */ = {
			isa = XCConfigurationList;
			buildConfigurations = (
				BD726D0F1F0D788F004E0DF9 /* Debug */,
				BD726D101F0D788F004E0DF9 /* Release */,
			);
			defaultConfigurationIsVisible = 0;
			defaultConfigurationName = Release;
		};
		BD726D111F0D788F004E0DF9 /* Build configuration list for PBXNativeTarget "DemoArtigo" */ = {
			isa = XCConfigurationList;
			buildConfigurations = (
				BD726D121F0D788F004E0DF9 /* Debug */,
				BD726D131F0D788F004E0DF9 /* Release */,
			);
			defaultConfigurationIsVisible = 0;
			defaultConfigurationName = Release;
		};
		BD726D141F0D788F004E0DF9 /* Build configuration list for PBXNativeTarget "DemoArtigoTests" */ = {
			isa = XCConfigurationList;
			buildConfigurations = (
				BD726D151F0D788F004E0DF9 /* Debug */,
				BD726D161F0D788F004E0DF9 /* Release */,
			);
			defaultConfigurationIsVisible = 0;
			defaultConfigurationName = Release;
		};
		BD726D171F0D788F004E0DF9 /* Build configuration list for PBXNativeTarget "DemoArtigoUITests" */ = {
			isa = XCConfigurationList;
			buildConfigurations = (
				BD726D181F0D788F004E0DF9 /* Debug */,
				BD726D191F0D788F004E0DF9 /* Release */,
			);
			defaultConfigurationIsVisible = 0;
			defaultConfigurationName = Release;
		};
/* End XCConfigurationList section */

/* Begin XCVersionGroup section */
		BD726CF01F0D788E004E0DF9 /* DemoArtigo.xcdatamodeld */ = {
			isa = XCVersionGroup;
			children = (
				BD726CF11F0D788E004E0DF9 /* DemoArtigo.xcdatamodel */,
			);
			currentVersion = BD726CF11F0D788E004E0DF9 /* DemoArtigo.xcdatamodel */;
			path = DemoArtigo.xcdatamodeld;
			sourceTree = "<group>";
			versionGroupType = wrapper.xcdatamodel;
		};
/* End XCVersionGroup section */
	};
	rootObject = BD726CDE1F0D788E004E0DF9 /* Project object */;
}
